
Microsoft Visual Studio Solution File, Format Version 12.00
# Visual Studio Version 16
VisualStudioVersion = 16.0.30503.244
MinimumVisualStudioVersion = 10.0.40219.1
Project("{FAE04EC0-301F-11D3-BF4B-00C04F79EFBC}") = "Pincode", "Pincode\Pincode.csproj", "{B46DE28D-D9B0-47C1-B749-28115BD06157}"
EndProject
Global
	GlobalSection(SolutionConfigurationPlatforms) = preSolution
		Debug|Any CPU = Debug|Any CPU
		Release|Any CPU = Release|Any CPU
	EndGlobalSection
	GlobalSection(ProjectConfigurationPlatforms) = postSolution
		{B46DE28D-D9B0-47C1-B749-28115BD06157}.Debug|Any CPU.ActiveCfg = Debug|Any CPU
		{B46DE28D-D9B0-47C1-B749-28115BD06157}.Debug|Any CPU.Build.0 = Debug|Any CPU
		{B46DE28D-D9B0-47C1-B749-28115BD06157}.Release|Any CPU.ActiveCfg = Release|Any CPU
		{B46DE28D-D9B0-47C1-B749-28115BD06157}.Release|Any CPU.Build.0 = Release|Any CPU
	EndGlobalSection
	GlobalSection(SolutionProperties) = preSolution
		HideSolutionNode = FALSE
	EndGlobalSection
	GlobalSection(ExtensibilityGlobals) = postSolution
		SolutionGuid = {3D466711-352A-48C3-BF9A-69A00FEFE938}
	EndGlobalSection
EndGlobal
